
Microsoft Visual Studio Solution File, Format Version 12.00
# Visual Studio Version 17
VisualStudioVersion = 17.1.32210.238
MinimumVisualStudioVersion = 10.0.40219.1
Project("{9A19103F-16F7-4668-BE54-9A1E7A4F7556}") = "CoreLib", "CoreLib\CoreLib.csproj", "{4420D9E0-367C-41FA-8335-5233844D066A}"
EndProject
Project("{FAE04EC0-301F-11D3-BF4B-00C04F79EFBC}") = "JobsV2", "..\..\GitHub\eJob20\JobsV1\JobsV2.csproj", "{0C7180C0-7C07-454E-96F3-562B508371DC}"
EndProject
Project("{2150E333-8FDC-42A3-9474-1A3956D46DE8}") = "Modules", "Modules", "{9C90127E-5231-46E0-A4F0-E1CCB92724A7}"
EndProject
Project("{9A19103F-16F7-4668-BE54-9A1E7A4F7556}") = "SupplierLib", "Modules\SupplierLib\SupplierLib.csproj", "{5CDFA9E0-17B5-4D4E-9884-FC14EC95E91E}"
EndProject
Project("{FAE04EC0-301F-11D3-BF4B-00C04F79EFBC}") = "DBSchema", "DBSchema\DBSchema.csproj", "{06D0AE33-7303-4F16-8AD3-B560151FE15F}"
EndProject
Project("{9A19103F-16F7-4668-BE54-9A1E7A4F7556}") = "NotImplementedModules", "Modules\NotImplementedModules\NotImplementedModules.csproj", "{12BA3C62-04E7-4C18-94B0-1E427247DBFF}"
EndProject
Project("{2150E333-8FDC-42A3-9474-1A3956D46DE8}") = "UI", "UI", "{A8A32B87-C450-4793-85AD-D09F57761C65}"
EndProject
Project("{9A19103F-16F7-4668-BE54-9A1E7A4F7556}") = "WebDemo", "UI\WebDemo\WebDemo.csproj", "{CF21D12C-59E6-4B01-AF37-A02B9475E55E}"
EndProject
Project("{9A19103F-16F7-4668-BE54-9A1E7A4F7556}") = "Sample101", "UIComponent\Sample101\Sample101.csproj", "{80E86F6A-2663-4747-AF0A-560EE254AA07}"
EndProject
Project("{9A19103F-16F7-4668-BE54-9A1E7A4F7556}") = "JobV3", "UI\Razor\JobV3\JobV3.csproj", "{730E770A-3790-4E40-8A72-DF1A9BF5A261}"
EndProject
Project("{9A19103F-16F7-4668-BE54-9A1E7A4F7556}") = "SampleComponent", "UIComponent\SampleComponent\SampleComponent.csproj", "{4C88B8C0-1EC4-429C-B40E-4B8D8A249538}"
EndProject
Project("{9A19103F-16F7-4668-BE54-9A1E7A4F7556}") = "Sample102", "UIComponent\Sample102\Sample102.csproj", "{72B42583-B702-47B4-A44D-9886D747EAFD}"
EndProject
Project("{2150E333-8FDC-42A3-9474-1A3956D46DE8}") = "Blazor", "Blazor", "{5E13AB29-8554-48DE-8C5A-3BC263A25868}"
EndProject
Project("{9A19103F-16F7-4668-BE54-9A1E7A4F7556}") = "BlazorApp1", "UI\Blazor\BlazorApp1\BlazorApp1.csproj", "{B938F5ED-5B4E-414C-8930-7050FDEEFC25}"
EndProject
Project("{9A19103F-16F7-4668-BE54-9A1E7A4F7556}") = "BlazorSvrApp", "UI\Blazor\BlazorSvrApp\BlazorSvrApp.csproj", "{5A15CBB2-B9F7-4FC8-BD84-036E8372850B}"
EndProject
Project("{9A19103F-16F7-4668-BE54-9A1E7A4F7556}") = "RazorComponents", "UI\Blazor\Components\RazorComponents\RazorComponents.csproj", "{6B096F15-8FAA-4706-8663-D7C55B88BFFA}"
EndProject
Project("{FAE04EC0-301F-11D3-BF4B-00C04F79EFBC}") = "WebApplication1", "UI\mvc\WebApplication1\WebApplication1.csproj", "{D8253F8C-A051-47AE-8A68-91E6EE6F24AD}"
EndProject
Global
	GlobalSection(SolutionConfigurationPlatforms) = preSolution
		Debug|Any CPU = Debug|Any CPU
		Release|Any CPU = Release|Any CPU
	EndGlobalSection
	GlobalSection(ProjectConfigurationPlatforms) = postSolution
		{4420D9E0-367C-41FA-8335-5233844D066A}.Debug|Any CPU.ActiveCfg = Debug|Any CPU
		{4420D9E0-367C-41FA-8335-5233844D066A}.Debug|Any CPU.Build.0 = Debug|Any CPU
		{4420D9E0-367C-41FA-8335-5233844D066A}.Release|Any CPU.ActiveCfg = Release|Any CPU
		{4420D9E0-367C-41FA-8335-5233844D066A}.Release|Any CPU.Build.0 = Release|Any CPU
		{0C7180C0-7C07-454E-96F3-562B508371DC}.Debug|Any CPU.ActiveCfg = Debug|Any CPU
		{0C7180C0-7C07-454E-96F3-562B508371DC}.Debug|Any CPU.Build.0 = Debug|Any CPU
		{0C7180C0-7C07-454E-96F3-562B508371DC}.Release|Any CPU.ActiveCfg = Release|Any CPU
		{0C7180C0-7C07-454E-96F3-562B508371DC}.Release|Any CPU.Build.0 = Release|Any CPU
		{5CDFA9E0-17B5-4D4E-9884-FC14EC95E91E}.Debug|Any CPU.ActiveCfg = Debug|Any CPU
		{5CDFA9E0-17B5-4D4E-9884-FC14EC95E91E}.Debug|Any CPU.Build.0 = Debug|Any CPU
		{5CDFA9E0-17B5-4D4E-9884-FC14EC95E91E}.Release|Any CPU.ActiveCfg = Release|Any CPU
		{5CDFA9E0-17B5-4D4E-9884-FC14EC95E91E}.Release|Any CPU.Build.0 = Release|Any CPU
		{06D0AE33-7303-4F16-8AD3-B560151FE15F}.Debug|Any CPU.ActiveCfg = Debug|Any CPU
		{06D0AE33-7303-4F16-8AD3-B560151FE15F}.Debug|Any CPU.Build.0 = Debug|Any CPU
		{06D0AE33-7303-4F16-8AD3-B560151FE15F}.Release|Any CPU.ActiveCfg = Release|Any CPU
		{06D0AE33-7303-4F16-8AD3-B560151FE15F}.Release|Any CPU.Build.0 = Release|Any CPU
		{12BA3C62-04E7-4C18-94B0-1E427247DBFF}.Debug|Any CPU.ActiveCfg = Debug|Any CPU
		{12BA3C62-04E7-4C18-94B0-1E427247DBFF}.Debug|Any CPU.Build.0 = Debug|Any CPU
		{12BA3C62-04E7-4C18-94B0-1E427247DBFF}.Release|Any CPU.ActiveCfg = Release|Any CPU
		{12BA3C62-04E7-4C18-94B0-1E427247DBFF}.Release|Any CPU.Build.0 = Release|Any CPU
		{CF21D12C-59E6-4B01-AF37-A02B9475E55E}.Debug|Any CPU.ActiveCfg = Debug|Any CPU
		{CF21D12C-59E6-4B01-AF37-A02B9475E55E}.Debug|Any CPU.Build.0 = Debug|Any CPU
		{CF21D12C-59E6-4B01-AF37-A02B9475E55E}.Release|Any CPU.ActiveCfg = Release|Any CPU
		{CF21D12C-59E6-4B01-AF37-A02B9475E55E}.Release|Any CPU.Build.0 = Release|Any CPU
		{80E86F6A-2663-4747-AF0A-560EE254AA07}.Debug|Any CPU.ActiveCfg = Debug|Any CPU
		{80E86F6A-2663-4747-AF0A-560EE254AA07}.Debug|Any CPU.Build.0 = Debug|Any CPU
		{80E86F6A-2663-4747-AF0A-560EE254AA07}.Release|Any CPU.ActiveCfg = Release|Any CPU
		{80E86F6A-2663-4747-AF0A-560EE254AA07}.Release|Any CPU.Build.0 = Release|Any CPU
		{730E770A-3790-4E40-8A72-DF1A9BF5A261}.Debug|Any CPU.ActiveCfg = Debug|Any CPU
		{730E770A-3790-4E40-8A72-DF1A9BF5A261}.Debug|Any CPU.Build.0 = Debug|Any CPU
		{730E770A-3790-4E40-8A72-DF1A9BF5A261}.Release|Any CPU.ActiveCfg = Release|Any CPU
		{730E770A-3790-4E40-8A72-DF1A9BF5A261}.Release|Any CPU.Build.0 = Release|Any CPU
		{4C88B8C0-1EC4-429C-B40E-4B8D8A249538}.Debug|Any CPU.ActiveCfg = Debug|Any CPU
		{4C88B8C0-1EC4-429C-B40E-4B8D8A249538}.Debug|Any CPU.Build.0 = Debug|Any CPU
		{4C88B8C0-1EC4-429C-B40E-4B8D8A249538}.Release|Any CPU.ActiveCfg = Release|Any CPU
		{4C88B8C0-1EC4-429C-B40E-4B8D8A249538}.Release|Any CPU.Build.0 = Release|Any CPU
		{72B42583-B702-47B4-A44D-9886D747EAFD}.Debug|Any CPU.ActiveCfg = Debug|Any CPU
		{72B42583-B702-47B4-A44D-9886D747EAFD}.Debug|Any CPU.Build.0 = Debug|Any CPU
		{72B42583-B702-47B4-A44D-9886D747EAFD}.Release|Any CPU.ActiveCfg = Release|Any CPU
		{72B42583-B702-47B4-A44D-9886D747EAFD}.Release|Any CPU.Build.0 = Release|Any CPU
		{B938F5ED-5B4E-414C-8930-7050FDEEFC25}.Debug|Any CPU.ActiveCfg = Debug|Any CPU
		{B938F5ED-5B4E-414C-8930-7050FDEEFC25}.Debug|Any CPU.Build.0 = Debug|Any CPU
		{B938F5ED-5B4E-414C-8930-7050FDEEFC25}.Release|Any CPU.ActiveCfg = Release|Any CPU
		{B938F5ED-5B4E-414C-8930-7050FDEEFC25}.Release|Any CPU.Build.0 = Release|Any CPU
		{5A15CBB2-B9F7-4FC8-BD84-036E8372850B}.Debug|Any CPU.ActiveCfg = Debug|Any CPU
		{5A15CBB2-B9F7-4FC8-BD84-036E8372850B}.Debug|Any CPU.Build.0 = Debug|Any CPU
		{5A15CBB2-B9F7-4FC8-BD84-036E8372850B}.Release|Any CPU.ActiveCfg = Release|Any CPU
		{5A15CBB2-B9F7-4FC8-BD84-036E8372850B}.Release|Any CPU.Build.0 = Release|Any CPU
		{6B096F15-8FAA-4706-8663-D7C55B88BFFA}.Debug|Any CPU.ActiveCfg = Debug|Any CPU
		{6B096F15-8FAA-4706-8663-D7C55B88BFFA}.Debug|Any CPU.Build.0 = Debug|Any CPU
		{6B096F15-8FAA-4706-8663-D7C55B88BFFA}.Release|Any CPU.ActiveCfg = Release|Any CPU
		{6B096F15-8FAA-4706-8663-D7C55B88BFFA}.Release|Any CPU.Build.0 = Release|Any CPU
		{D8253F8C-A051-47AE-8A68-91E6EE6F24AD}.Debug|Any CPU.ActiveCfg = Debug|Any CPU
		{D8253F8C-A051-47AE-8A68-91E6EE6F24AD}.Debug|Any CPU.Build.0 = Debug|Any CPU
		{D8253F8C-A051-47AE-8A68-91E6EE6F24AD}.Release|Any CPU.ActiveCfg = Release|Any CPU
		{D8253F8C-A051-47AE-8A68-91E6EE6F24AD}.Release|Any CPU.Build.0 = Release|Any CPU
	EndGlobalSection
	GlobalSection(SolutionProperties) = preSolution
		HideSolutionNode = FALSE
	EndGlobalSection
	GlobalSection(NestedProjects) = preSolution
		{5CDFA9E0-17B5-4D4E-9884-FC14EC95E91E} = {9C90127E-5231-46E0-A4F0-E1CCB92724A7}
		{12BA3C62-04E7-4C18-94B0-1E427247DBFF} = {9C90127E-5231-46E0-A4F0-E1CCB92724A7}
		{CF21D12C-59E6-4B01-AF37-A02B9475E55E} = {A8A32B87-C450-4793-85AD-D09F57761C65}
		{80E86F6A-2663-4747-AF0A-560EE254AA07} = {A8A32B87-C450-4793-85AD-D09F57761C65}
		{730E770A-3790-4E40-8A72-DF1A9BF5A261} = {A8A32B87-C450-4793-85AD-D09F57761C65}
		{4C88B8C0-1EC4-429C-B40E-4B8D8A249538} = {A8A32B87-C450-4793-85AD-D09F57761C65}
		{72B42583-B702-47B4-A44D-9886D747EAFD} = {A8A32B87-C450-4793-85AD-D09F57761C65}
		{B938F5ED-5B4E-414C-8930-7050FDEEFC25} = {5E13AB29-8554-48DE-8C5A-3BC263A25868}
		{5A15CBB2-B9F7-4FC8-BD84-036E8372850B} = {5E13AB29-8554-48DE-8C5A-3BC263A25868}
		{6B096F15-8FAA-4706-8663-D7C55B88BFFA} = {5E13AB29-8554-48DE-8C5A-3BC263A25868}
		{D8253F8C-A051-47AE-8A68-91E6EE6F24AD} = {A8A32B87-C450-4793-85AD-D09F57761C65}
	EndGlobalSection
	GlobalSection(ExtensibilityGlobals) = postSolution
		SolutionGuid = {B28A024D-7B76-4247-8310-262512309978}
	EndGlobalSection
EndGlobal
